
Microsoft Visual Studio Solution File, Format Version 12.00
# Visual Studio Version 17
VisualStudioVersion = 17.4.33213.308
MinimumVisualStudioVersion = 10.0.40219.1
Project("{54A90642-561A-4BB1-A94E-469ADEE60C69}") = "ReactprojectASPNETCore-Frontend", "ReactProjectASPNETCore-Frontend\ReactprojectASPNETCore-Frontend.esproj", "{51A39EE4-52E1-4568-B765-A07AFCE9306A}"
EndProject
Project("{FAE04EC0-301F-11D3-BF4B-00C04F79EFBC}") = "ReactProjectASPNETCore-Backend", "ReactProjectASPNETCore-Backend\ReactProjectASPNETCore-Backend.csproj", "{DDF79D36-56A3-4E22-95DD-F2933AEC96DD}"
EndProject
Global
	GlobalSection(SolutionConfigurationPlatforms) = preSolution
		Debug|Any CPU = Debug|Any CPU
		Release|Any CPU = Release|Any CPU
	EndGlobalSection
	GlobalSection(ProjectConfigurationPlatforms) = postSolution
		{51A39EE4-52E1-4568-B765-A07AFCE9306A}.Debug|Any CPU.ActiveCfg = Debug|Any CPU
		{51A39EE4-52E1-4568-B765-A07AFCE9306A}.Debug|Any CPU.Build.0 = Debug|Any CPU
		{51A39EE4-52E1-4568-B765-A07AFCE9306A}.Debug|Any CPU.Deploy.0 = Debug|Any CPU
		{51A39EE4-52E1-4568-B765-A07AFCE9306A}.Release|Any CPU.ActiveCfg = Release|Any CPU
		{51A39EE4-52E1-4568-B765-A07AFCE9306A}.Release|Any CPU.Build.0 = Release|Any CPU
		{51A39EE4-52E1-4568-B765-A07AFCE9306A}.Release|Any CPU.Deploy.0 = Release|Any CPU
		{DDF79D36-56A3-4E22-95DD-F2933AEC96DD}.Debug|Any CPU.ActiveCfg = Debug|Any CPU
		{DDF79D36-56A3-4E22-95DD-F2933AEC96DD}.Debug|Any CPU.Build.0 = Debug|Any CPU
		{DDF79D36-56A3-4E22-95DD-F2933AEC96DD}.Release|Any CPU.ActiveCfg = Release|Any CPU
		{DDF79D36-56A3-4E22-95DD-F2933AEC96DD}.Release|Any CPU.Build.0 = Release|Any CPU
	EndGlobalSection
	GlobalSection(SolutionProperties) = preSolution
		HideSolutionNode = FALSE
	EndGlobalSection
	GlobalSection(ExtensibilityGlobals) = postSolution
		SolutionGuid = {0CE4ED37-8AFD-4C6D-8709-9A803E75A3C7}
	EndGlobalSection
EndGlobal
